
Microsoft Visual Studio Solution File, Format Version 12.00
# Visual Studio Version 16
VisualStudioVersion = 16.0.29911.84
MinimumVisualStudioVersion = 10.0.40219.1
Project("{FAE04EC0-301F-11D3-BF4B-00C04F79EFBC}") = "Verificar_Cpf", "Verificar_Cpf.csproj", "{C93774ED-7005-4656-968A-442B303295A9}"
EndProject
Global
	GlobalSection(SolutionConfigurationPlatforms) = preSolution
		Debug|Any CPU = Debug|Any CPU
		Release|Any CPU = Release|Any CPU
	EndGlobalSection
	GlobalSection(ProjectConfigurationPlatforms) = postSolution
		{C93774ED-7005-4656-968A-442B303295A9}.Debug|Any CPU.ActiveCfg = Debug|Any CPU
		{C93774ED-7005-4656-968A-442B303295A9}.Debug|Any CPU.Build.0 = Debug|Any CPU
		{C93774ED-7005-4656-968A-442B303295A9}.Release|Any CPU.ActiveCfg = Release|Any CPU
		{C93774ED-7005-4656-968A-442B303295A9}.Release|Any CPU.Build.0 = Release|Any CPU
	EndGlobalSection
	GlobalSection(SolutionProperties) = preSolution
		HideSolutionNode = FALSE
	EndGlobalSection
	GlobalSection(ExtensibilityGlobals) = postSolution
		SolutionGuid = {5544B20A-4BC7-4D0B-8714-D465F8275666}
	EndGlobalSection
EndGlobal
